
Microsoft Visual Studio Solution File, Format Version 11.00
# Visual Studio 2010
Project("{FAE04EC0-301F-11D3-BF4B-00C04F79EFBC}") = "Form", "Scroto\Form.csproj", "{CD081B46-CE6B-4C54-B15F-E435507383D3}"
EndProject
Project("{54435603-DBB4-11D2-8724-00A0C9A8B90C}") = "Setup", "Setup\Setup.vdproj", "{4D7C5994-C29D-444B-85C5-C55A2F5CF4CF}"
EndProject
Global
	GlobalSection(SolutionConfigurationPlatforms) = preSolution
		Debug|x86 = Debug|x86
		Release|x86 = Release|x86
	EndGlobalSection
	GlobalSection(ProjectConfigurationPlatforms) = postSolution
		{CD081B46-CE6B-4C54-B15F-E435507383D3}.Debug|x86.ActiveCfg = Release|x86
		{CD081B46-CE6B-4C54-B15F-E435507383D3}.Debug|x86.Build.0 = Release|x86
		{CD081B46-CE6B-4C54-B15F-E435507383D3}.Release|x86.ActiveCfg = Release|x86
		{CD081B46-CE6B-4C54-B15F-E435507383D3}.Release|x86.Build.0 = Release|x86
		{4D7C5994-C29D-444B-85C5-C55A2F5CF4CF}.Debug|x86.ActiveCfg = Debug
		{4D7C5994-C29D-444B-85C5-C55A2F5CF4CF}.Release|x86.ActiveCfg = Release
		{4D7C5994-C29D-444B-85C5-C55A2F5CF4CF}.Release|x86.Build.0 = Release
	EndGlobalSection
	GlobalSection(SolutionProperties) = preSolution
		HideSolutionNode = FALSE
	EndGlobalSection
EndGlobal
